// !$*UTF8*$!
{
	archiveVersion = 1;
	classes = {
	};
	objectVersion = 46;
	objects = {

/* Begin PBXBuildFile section */
		1842EF3426F18D7F0048F345 /* AdServices.framework in Frameworks */ = {isa = PBXBuildFile; fileRef = 1842EF3326F18D7F0048F345 /* AdServices.framework */; };
		1842EF3626F18D850048F345 /* iAd.framework in Frameworks */ = {isa = PBXBuildFile; fileRef = 1842EF3526F18D850048F345 /* iAd.framework */; };
		428CFD071F67809A001F2FB8 /* libsqlite3.tbd in Frameworks */ = {isa = PBXBuildFile; fileRef = 428CFD061F67809A001F2FB8 /* libsqlite3.tbd */; };
		428CFD091F6780A3001F2FB8 /* libz.tbd in Frameworks */ = {isa = PBXBuildFile; fileRef = 428CFD081F6780A3001F2FB8 /* libz.tbd */; };
		428CFD0B1F6780AE001F2FB8 /* libxml2.tbd in Frameworks */ = {isa = PBXBuildFile; fileRef = 428CFD0A1F6780AE001F2FB8 /* libxml2.tbd */; };
		428CFD0D1F6780C1001F2FB8 /* CoreText.framework in Frameworks */ = {isa = PBXBuildFile; fileRef = 428CFD0C1F6780C1001F2FB8 /* CoreText.framework */; };
		428CFD0F1F6780F1001F2FB8 /* CFNetwork.framework in Frameworks */ = {isa = PBXBuildFile; fileRef = 428CFD0E1F6780F1001F2FB8 /* CFNetwork.framework */; };
		428CFD111F678104001F2FB8 /* MobileCoreServices.framework in Frameworks */ = {isa = PBXBuildFile; fileRef = 428CFD101F678104001F2FB8 /* MobileCoreServices.framework */; };
		428CFD131F678113001F2FB8 /* Security.framework in Frameworks */ = {isa = PBXBuildFile; fileRef = 428CFD121F678113001F2FB8 /* Security.framework */; };
		42FFDB611F5FE4DE0032392E /* main.m in Sources */ = {isa = PBXBuildFile; fileRef = 42FFDB601F5FE4DE0032392E /* main.m */; };
		42FFDB641F5FE4DE0032392E /* AppDelegate.m in Sources */ = {isa = PBXBuildFile; fileRef = 42FFDB631F5FE4DE0032392E /* AppDelegate.m */; };
		42FFDB671F5FE4DE0032392E /* ViewController.m in Sources */ = {isa = PBXBuildFile; fileRef = 42FFDB661F5FE4DE0032392E /* ViewController.m */; };
		42FFDB6A1F5FE4DE0032392E /* Main.storyboard in Resources */ = {isa = PBXBuildFile; fileRef = 42FFDB681F5FE4DE0032392E /* Main.storyboard */; };
		42FFDB6C1F5FE4DE0032392E /* Assets.xcassets in Resources */ = {isa = PBXBuildFile; fileRef = 42FFDB6B1F5FE4DE0032392E /* Assets.xcassets */; };
		42FFDB6F1F5FE4DE0032392E /* LaunchScreen.storyboard in Resources */ = {isa = PBXBuildFile; fileRef = 42FFDB6D1F5FE4DE0032392E /* LaunchScreen.storyboard */; };
		42FFDBB51F611D380032392E /* libstdc++.tbd in Frameworks */ = {isa = PBXBuildFile; fileRef = 42FFDBB41F611D380032392E /* libstdc++.tbd */; };
		42FFDBBA1F6125750032392E /* Foundation.framework in Frameworks */ = {isa = PBXBuildFile; fileRef = 42FFDBB91F6125750032392E /* Foundation.framework */; };
		851954272AA72757004E271B /* QsSdk.framework in Frameworks */ = {isa = PBXBuildFile; fileRef = 851954262AA72757004E271B /* QsSdk.framework */; };
		85C33C112A8099E900D2EAB8 /* QsSdk.bundle in Resources */ = {isa = PBXBuildFile; fileRef = 85C33C102A8099E800D2EAB8 /* QsSdk.bundle */; };
		85C4DA4520FC57D800D80781 /* WebKit.framework in Frameworks */ = {isa = PBXBuildFile; fileRef = 85442D1E206DD311002C4806 /* WebKit.framework */; };
		85D63F812A90917C00E56652 /* QsSdkConfigs.plist in Resources */ = {isa = PBXBuildFile; fileRef = 85D63F802A90917C00E56652 /* QsSdkConfigs.plist */; };
		85E7D86D215496EF00BAD75B /* CoreMotion.framework in Frameworks */ = {isa = PBXBuildFile; fileRef = 85E7D86C215496EE00BAD75B /* CoreMotion.framework */; };
/* End PBXBuildFile section */

/* Begin PBXFileReference section */
		1842EF3326F18D7F0048F345 /* AdServices.framework */ = {isa = PBXFileReference; lastKnownFileType = wrapper.framework; name = AdServices.framework; path = System/Library/Frameworks/AdServices.framework; sourceTree = SDKROOT; };
		1842EF3526F18D850048F345 /* iAd.framework */ = {isa = PBXFileReference; lastKnownFileType = wrapper.framework; name = iAd.framework; path = System/Library/Frameworks/iAd.framework; sourceTree = SDKROOT; };
		428CFD061F67809A001F2FB8 /* libsqlite3.tbd */ = {isa = PBXFileReference; lastKnownFileType = "sourcecode.text-based-dylib-definition"; name = libsqlite3.tbd; path = usr/lib/libsqlite3.tbd; sourceTree = SDKROOT; };
		428CFD081F6780A3001F2FB8 /* libz.tbd */ = {isa = PBXFileReference; lastKnownFileType = "sourcecode.text-based-dylib-definition"; name = libz.tbd; path = usr/lib/libz.tbd; sourceTree = SDKROOT; };
		428CFD0A1F6780AE001F2FB8 /* libxml2.tbd */ = {isa = PBXFileReference; lastKnownFileType = "sourcecode.text-based-dylib-definition"; name = libxml2.tbd; path = usr/lib/libxml2.tbd; sourceTree = SDKROOT; };
		428CFD0C1F6780C1001F2FB8 /* CoreText.framework */ = {isa = PBXFileReference; lastKnownFileType = wrapper.framework; name = CoreText.framework; path = System/Library/Frameworks/CoreText.framework; sourceTree = SDKROOT; };
		428CFD0E1F6780F1001F2FB8 /* CFNetwork.framework */ = {isa = PBXFileReference; lastKnownFileType = wrapper.framework; name = CFNetwork.framework; path = System/Library/Frameworks/CFNetwork.framework; sourceTree = SDKROOT; };
		428CFD101F678104001F2FB8 /* MobileCoreServices.framework */ = {isa = PBXFileReference; lastKnownFileType = wrapper.framework; name = MobileCoreServices.framework; path = System/Library/Frameworks/MobileCoreServices.framework; sourceTree = SDKROOT; };
		428CFD121F678113001F2FB8 /* Security.framework */ = {isa = PBXFileReference; lastKnownFileType = wrapper.framework; name = Security.framework; path = System/Library/Frameworks/Security.framework; sourceTree = SDKROOT; };
		42FFDB5C1F5FE4DE0032392E /* QsSdkDemo.app */ = {isa = PBXFileReference; explicitFileType = wrapper.application; includeInIndex = 0; path = QsSdkDemo.app; sourceTree = BUILT_PRODUCTS_DIR; };
		42FFDB601F5FE4DE0032392E /* main.m */ = {isa = PBXFileReference; lastKnownFileType = sourcecode.c.objc; path = main.m; sourceTree = "<group>"; };
		42FFDB621F5FE4DE0032392E /* AppDelegate.h */ = {isa = PBXFileReference; lastKnownFileType = sourcecode.c.h; path = AppDelegate.h; sourceTree = "<group>"; };
		42FFDB631F5FE4DE0032392E /* AppDelegate.m */ = {isa = PBXFileReference; lastKnownFileType = sourcecode.c.objc; path = AppDelegate.m; sourceTree = "<group>"; };
		42FFDB651F5FE4DE0032392E /* ViewController.h */ = {isa = PBXFileReference; lastKnownFileType = sourcecode.c.h; path = ViewController.h; sourceTree = "<group>"; };
		42FFDB661F5FE4DE0032392E /* ViewController.m */ = {isa = PBXFileReference; lastKnownFileType = sourcecode.c.objc; path = ViewController.m; sourceTree = "<group>"; };
		42FFDB691F5FE4DE0032392E /* Base */ = {isa = PBXFileReference; lastKnownFileType = file.storyboard; name = Base; path = Base.lproj/Main.storyboard; sourceTree = "<group>"; };
		42FFDB6B1F5FE4DE0032392E /* Assets.xcassets */ = {isa = PBXFileReference; lastKnownFileType = folder.assetcatalog; path = Assets.xcassets; sourceTree = "<group>"; };
		42FFDB6E1F5FE4DE0032392E /* Base */ = {isa = PBXFileReference; lastKnownFileType = file.storyboard; name = Base; path = Base.lproj/LaunchScreen.storyboard; sourceTree = "<group>"; };
		42FFDB701F5FE4DE0032392E /* Info.plist */ = {isa = PBXFileReference; lastKnownFileType = text.plist.xml; path = Info.plist; sourceTree = "<group>"; };
		42FFDBB41F611D380032392E /* libstdc++.tbd */ = {isa = PBXFileReference; lastKnownFileType = "sourcecode.text-based-dylib-definition"; name = "libstdc++.tbd"; path = "usr/lib/libstdc++.tbd"; sourceTree = SDKROOT; };
		42FFDBB71F61256B0032392E /* UIKit.framework */ = {isa = PBXFileReference; lastKnownFileType = wrapper.framework; name = UIKit.framework; path = System/Library/Frameworks/UIKit.framework; sourceTree = SDKROOT; };
		42FFDBB91F6125750032392E /* Foundation.framework */ = {isa = PBXFileReference; lastKnownFileType = wrapper.framework; name = Foundation.framework; path = System/Library/Frameworks/Foundation.framework; sourceTree = SDKROOT; };
		851954262AA72757004E271B /* QsSdk.framework */ = {isa = PBXFileReference; lastKnownFileType = wrapper.framework; path = QsSdk.framework; sourceTree = "<group>"; };
		85442D1E206DD311002C4806 /* WebKit.framework */ = {isa = PBXFileReference; lastKnownFileType = wrapper.framework; name = WebKit.framework; path = System/Library/Frameworks/WebKit.framework; sourceTree = SDKROOT; };
		85C33C102A8099E800D2EAB8 /* QsSdk.bundle */ = {isa = PBXFileReference; lastKnownFileType = "wrapper.plug-in"; path = QsSdk.bundle; sourceTree = "<group>"; };
		85D63F802A90917C00E56652 /* QsSdkConfigs.plist */ = {isa = PBXFileReference; lastKnownFileType = text.plist.xml; path = QsSdkConfigs.plist; sourceTree = "<group>"; };
		85E7D86C215496EE00BAD75B /* CoreMotion.framework */ = {isa = PBXFileReference; lastKnownFileType = wrapper.framework; name = CoreMotion.framework; path = System/Library/Frameworks/CoreMotion.framework; sourceTree = SDKROOT; };
/* End PBXFileReference section */

/* Begin PBXFrameworksBuildPhase section */
		42FFDB591F5FE4DE0032392E /* Frameworks */ = {
			isa = PBXFrameworksBuildPhase;
			buildActionMask = 2147483647;
			files = (
				85E7D86D215496EF00BAD75B /* CoreMotion.framework in Frameworks */,
				85C4DA4520FC57D800D80781 /* WebKit.framework in Frameworks */,
				428CFD131F678113001F2FB8 /* Security.framework in Frameworks */,
				428CFD111F678104001F2FB8 /* MobileCoreServices.framework in Frameworks */,
				428CFD0F1F6780F1001F2FB8 /* CFNetwork.framework in Frameworks */,
				1842EF3426F18D7F0048F345 /* AdServices.framework in Frameworks */,
				428CFD0D1F6780C1001F2FB8 /* CoreText.framework in Frameworks */,
				1842EF3626F18D850048F345 /* iAd.framework in Frameworks */,
				428CFD0B1F6780AE001F2FB8 /* libxml2.tbd in Frameworks */,
				428CFD091F6780A3001F2FB8 /* libz.tbd in Frameworks */,
				428CFD071F67809A001F2FB8 /* libsqlite3.tbd in Frameworks */,
				42FFDBBA1F6125750032392E /* Foundation.framework in Frameworks */,
				42FFDBB51F611D380032392E /* libstdc++.tbd in Frameworks */,
				851954272AA72757004E271B /* QsSdk.framework in Frameworks */,
			);
			runOnlyForDeploymentPostprocessing = 0;
		};
/* End PBXFrameworksBuildPhase section */

/* Begin PBXGroup section */
		42FFDB531F5FE4DE0032392E = {
			isa = PBXGroup;
			children = (
				42FFDB5E1F5FE4DE0032392E /* Demo */,
				42FFDBB31F611D380032392E /* Frameworks */,
				42FFDB5D1F5FE4DE0032392E /* Products */,
				85C33C102A8099E800D2EAB8 /* QsSdk.bundle */,
				851954262AA72757004E271B /* QsSdk.framework */,
				85D63F802A90917C00E56652 /* QsSdkConfigs.plist */,
			);
			sourceTree = "<group>";
		};
		42FFDB5D1F5FE4DE0032392E /* Products */ = {
			isa = PBXGroup;
			children = (
				42FFDB5C1F5FE4DE0032392E /* QsSdkDemo.app */,
			);
			name = Products;
			sourceTree = "<group>";
		};
		42FFDB5E1F5FE4DE0032392E /* Demo */ = {
			isa = PBXGroup;
			children = (
				42FFDB621F5FE4DE0032392E /* AppDelegate.h */,
				42FFDB631F5FE4DE0032392E /* AppDelegate.m */,
				42FFDB651F5FE4DE0032392E /* ViewController.h */,
				42FFDB661F5FE4DE0032392E /* ViewController.m */,
				42FFDB681F5FE4DE0032392E /* Main.storyboard */,
				42FFDB6B1F5FE4DE0032392E /* Assets.xcassets */,
				42FFDB6D1F5FE4DE0032392E /* LaunchScreen.storyboard */,
				42FFDB701F5FE4DE0032392E /* Info.plist */,
				42FFDB5F1F5FE4DE0032392E /* Supporting Files */,
			);
			path = Demo;
			sourceTree = "<group>";
		};
		42FFDB5F1F5FE4DE0032392E /* Supporting Files */ = {
			isa = PBXGroup;
			children = (
				42FFDB601F5FE4DE0032392E /* main.m */,
			);
			name = "Supporting Files";
			sourceTree = "<group>";
		};
		42FFDBB31F611D380032392E /* Frameworks */ = {
			isa = PBXGroup;
			children = (
				1842EF3526F18D850048F345 /* iAd.framework */,
				1842EF3326F18D7F0048F345 /* AdServices.framework */,
				85E7D86C215496EE00BAD75B /* CoreMotion.framework */,
				85442D1E206DD311002C4806 /* WebKit.framework */,
				428CFD121F678113001F2FB8 /* Security.framework */,
				428CFD101F678104001F2FB8 /* MobileCoreServices.framework */,
				428CFD0E1F6780F1001F2FB8 /* CFNetwork.framework */,
				428CFD0C1F6780C1001F2FB8 /* CoreText.framework */,
				428CFD0A1F6780AE001F2FB8 /* libxml2.tbd */,
				428CFD081F6780A3001F2FB8 /* libz.tbd */,
				428CFD061F67809A001F2FB8 /* libsqlite3.tbd */,
				42FFDBB91F6125750032392E /* Foundation.framework */,
				42FFDBB71F61256B0032392E /* UIKit.framework */,
				42FFDBB41F611D380032392E /* libstdc++.tbd */,
			);
			name = Frameworks;
			sourceTree = "<group>";
		};
/* End PBXGroup section */

/* Begin PBXNativeTarget section */
		42FFDB5B1F5FE4DE0032392E /* QsSdkDemo */ = {
			isa = PBXNativeTarget;
			buildConfigurationList = 42FFDB731F5FE4DE0032392E /* Build configuration list for PBXNativeTarget "QsSdkDemo" */;
			buildPhases = (
				42FFDB581F5FE4DE0032392E /* Sources */,
				42FFDB591F5FE4DE0032392E /* Frameworks */,
				42FFDB5A1F5FE4DE0032392E /* Resources */,
			);
			buildRules = (
			);
			dependencies = (
			);
			name = QsSdkDemo;
			productName = JuHeDemo;
			productReference = 42FFDB5C1F5FE4DE0032392E /* QsSdkDemo.app */;
			productType = "com.apple.product-type.application";
		};
/* End PBXNativeTarget section */

/* Begin PBXProject section */
		42FFDB541F5FE4DE0032392E /* Project object */ = {
			isa = PBXProject;
			attributes = {
				LastUpgradeCheck = 1420;
				ORGANIZATIONNAME = "514713374@qq.com";
				TargetAttributes = {
					42FFDB5B1F5FE4DE0032392E = {
						CreatedOnToolsVersion = 8.3.3;
						DevelopmentTeam = GT942W9QAZ;
						ProvisioningStyle = Manual;
						SystemCapabilities = {
							com.apple.AccessWiFi = {
								enabled = 0;
							};
						};
					};
				};
			};
			buildConfigurationList = 42FFDB571F5FE4DE0032392E /* Build configuration list for PBXProject "QsSdkDemo" */;
			compatibilityVersion = "Xcode 3.2";
			developmentRegion = en;
			hasScannedForEncodings = 0;
			knownRegions = (
				en,
				Base,
			);
			mainGroup = 42FFDB531F5FE4DE0032392E;
			productRefGroup = 42FFDB5D1F5FE4DE0032392E /* Products */;
			projectDirPath = "";
			projectRoot = "";
			targets = (
				42FFDB5B1F5FE4DE0032392E /* QsSdkDemo */,
			);
		};
/* End PBXProject section */

/* Begin PBXResourcesBuildPhase section */
		42FFDB5A1F5FE4DE0032392E /* Resources */ = {
			isa = PBXResourcesBuildPhase;
			buildActionMask = 2147483647;
			files = (
				85D63F812A90917C00E56652 /* QsSdkConfigs.plist in Resources */,
				42FFDB6F1F5FE4DE0032392E /* LaunchScreen.storyboard in Resources */,
				42FFDB6C1F5FE4DE0032392E /* Assets.xcassets in Resources */,
				85C33C112A8099E900D2EAB8 /* QsSdk.bundle in Resources */,
				42FFDB6A1F5FE4DE0032392E /* Main.storyboard in Resources */,
			);
			runOnlyForDeploymentPostprocessing = 0;
		};
/* End PBXResourcesBuildPhase section */

/* Begin PBXSourcesBuildPhase section */
		42FFDB581F5FE4DE0032392E /* Sources */ = {
			isa = PBXSourcesBuildPhase;
			buildActionMask = 2147483647;
			files = (
				42FFDB671F5FE4DE0032392E /* ViewController.m in Sources */,
				42FFDB641F5FE4DE0032392E /* AppDelegate.m in Sources */,
				42FFDB611F5FE4DE0032392E /* main.m in Sources */,
			);
			runOnlyForDeploymentPostprocessing = 0;
		};
/* End PBXSourcesBuildPhase section */

/* Begin PBXVariantGroup section */
		42FFDB681F5FE4DE0032392E /* Main.storyboard */ = {
			isa = PBXVariantGroup;
			children = (
				42FFDB691F5FE4DE0032392E /* Base */,
			);
			name = Main.storyboard;
			sourceTree = "<group>";
		};
		42FFDB6D1F5FE4DE0032392E /* LaunchScreen.storyboard */ = {
			isa = PBXVariantGroup;
			children = (
				42FFDB6E1F5FE4DE0032392E /* Base */,
			);
			name = LaunchScreen.storyboard;
			sourceTree = "<group>";
		};
/* End PBXVariantGroup section */

/* Begin XCBuildConfiguration section */
		42FFDB711F5FE4DE0032392E /* Debug */ = {
			isa = XCBuildConfiguration;
			buildSettings = {
				ALWAYS_SEARCH_USER_PATHS = NO;
				CLANG_ANALYZER_LOCALIZABILITY_NONLOCALIZED = YES;
				CLANG_ANALYZER_NONNULL = YES;
				CLANG_ANALYZER_NUMBER_OBJECT_CONVERSION = YES_AGGRESSIVE;
				CLANG_CXX_LANGUAGE_STANDARD = "gnu++0x";
				CLANG_CXX_LIBRARY = "libc++";
				CLANG_ENABLE_MODULES = YES;
				CLANG_ENABLE_OBJC_ARC = YES;
				CLANG_WARN_BLOCK_CAPTURE_AUTORELEASING = YES;
				CLANG_WARN_BOOL_CONVERSION = YES;
				CLANG_WARN_COMMA = YES;
				CLANG_WARN_CONSTANT_CONVERSION = YES;
				CLANG_WARN_DEPRECATED_OBJC_IMPLEMENTATIONS = YES;
				CLANG_WARN_DIRECT_OBJC_ISA_USAGE = YES_ERROR;
				CLANG_WARN_DOCUMENTATION_COMMENTS = YES;
				CLANG_WARN_EMPTY_BODY = YES;
				CLANG_WARN_ENUM_CONVERSION = YES;
				CLANG_WARN_INFINITE_RECURSION = YES;
				CLANG_WARN_INT_CONVERSION = YES;
				CLANG_WARN_NON_LITERAL_NULL_CONVERSION = YES;
				CLANG_WARN_OBJC_IMPLICIT_RETAIN_SELF = YES;
				CLANG_WARN_OBJC_LITERAL_CONVERSION = YES;
				CLANG_WARN_OBJC_ROOT_CLASS = YES_ERROR;
				CLANG_WARN_QUOTED_INCLUDE_IN_FRAMEWORK_HEADER = YES;
				CLANG_WARN_RANGE_LOOP_ANALYSIS = YES;
				CLANG_WARN_STRICT_PROTOTYPES = YES;
				CLANG_WARN_SUSPICIOUS_MOVE = YES;
				CLANG_WARN_UNREACHABLE_CODE = YES;
				CLANG_WARN__DUPLICATE_METHOD_MATCH = YES;
				"CODE_SIGN_IDENTITY[sdk=iphoneos*]" = "iPhone Developer";
				COPY_PHASE_STRIP = NO;
				DEBUG_INFORMATION_FORMAT = dwarf;
				ENABLE_STRICT_OBJC_MSGSEND = YES;
				ENABLE_TESTABILITY = YES;
				GCC_C_LANGUAGE_STANDARD = gnu99;
				GCC_DYNAMIC_NO_PIC = NO;
				GCC_NO_COMMON_BLOCKS = YES;
				GCC_OPTIMIZATION_LEVEL = 0;
				GCC_PREPROCESSOR_DEFINITIONS = (
					"DEBUG=1",
					"$(inherited)",
				);
				GCC_WARN_64_TO_32_BIT_CONVERSION = YES;
				GCC_WARN_ABOUT_RETURN_TYPE = YES_ERROR;
				GCC_WARN_UNDECLARED_SELECTOR = YES;
				GCC_WARN_UNINITIALIZED_AUTOS = YES_AGGRESSIVE;
				GCC_WARN_UNUSED_FUNCTION = YES;
				GCC_WARN_UNUSED_VARIABLE = YES;
				IPHONEOS_DEPLOYMENT_TARGET = 10.0;
				MTL_ENABLE_DEBUG_INFO = YES;
				ONLY_ACTIVE_ARCH = YES;
				SDKROOT = iphoneos;
			};
			name = Debug;
		};
		42FFDB721F5FE4DE0032392E /* Release */ = {
			isa = XCBuildConfiguration;
			buildSettings = {
				ALWAYS_SEARCH_USER_PATHS = NO;
				CLANG_ANALYZER_LOCALIZABILITY_NONLOCALIZED = YES;
				CLANG_ANALYZER_NONNULL = YES;
				CLANG_ANALYZER_NUMBER_OBJECT_CONVERSION = YES_AGGRESSIVE;
				CLANG_CXX_LANGUAGE_STANDARD = "gnu++0x";
				CLANG_CXX_LIBRARY = "libc++";
				CLANG_ENABLE_MODULES = YES;
				CLANG_ENABLE_OBJC_ARC = YES;
				CLANG_WARN_BLOCK_CAPTURE_AUTORELEASING = YES;
				CLANG_WARN_BOOL_CONVERSION = YES;
				CLANG_WARN_COMMA = YES;
				CLANG_WARN_CONSTANT_CONVERSION = YES;
				CLANG_WARN_DEPRECATED_OBJC_IMPLEMENTATIONS = YES;
				CLANG_WARN_DIRECT_OBJC_ISA_USAGE = YES_ERROR;
				CLANG_WARN_DOCUMENTATION_COMMENTS = YES;
				CLANG_WARN_EMPTY_BODY = YES;
				CLANG_WARN_ENUM_CONVERSION = YES;
				CLANG_WARN_INFINITE_RECURSION = YES;
				CLANG_WARN_INT_CONVERSION = YES;
				CLANG_WARN_NON_LITERAL_NULL_CONVERSION = YES;
				CLANG_WARN_OBJC_IMPLICIT_RETAIN_SELF = YES;
				CLANG_WARN_OBJC_LITERAL_CONVERSION = YES;
				CLANG_WARN_OBJC_ROOT_CLASS = YES_ERROR;
				CLANG_WARN_QUOTED_INCLUDE_IN_FRAMEWORK_HEADER = YES;
				CLANG_WARN_RANGE_LOOP_ANALYSIS = YES;
				CLANG_WARN_STRICT_PROTOTYPES = YES;
				CLANG_WARN_SUSPICIOUS_MOVE = YES;
				CLANG_WARN_UNREACHABLE_CODE = YES;
				CLANG_WARN__DUPLICATE_METHOD_MATCH = YES;
				"CODE_SIGN_IDENTITY[sdk=iphoneos*]" = "iPhone Developer";
				COPY_PHASE_STRIP = NO;
				DEBUG_INFORMATION_FORMAT = "dwarf-with-dsym";
				ENABLE_NS_ASSERTIONS = NO;
				ENABLE_STRICT_OBJC_MSGSEND = YES;
				GCC_C_LANGUAGE_STANDARD = gnu99;
				GCC_NO_COMMON_BLOCKS = YES;
				GCC_WARN_64_TO_32_BIT_CONVERSION = YES;
				GCC_WARN_ABOUT_RETURN_TYPE = YES_ERROR;
				GCC_WARN_UNDECLARED_SELECTOR = YES;
				GCC_WARN_UNINITIALIZED_AUTOS = YES_AGGRESSIVE;
				GCC_WARN_UNUSED_FUNCTION = YES;
				GCC_WARN_UNUSED_VARIABLE = YES;
				IPHONEOS_DEPLOYMENT_TARGET = 10.0;
				MTL_ENABLE_DEBUG_INFO = NO;
				SDKROOT = iphoneos;
				VALIDATE_PRODUCT = YES;
			};
			name = Release;
		};
		42FFDB741F5FE4DE0032392E /* Debug */ = {
			isa = XCBuildConfiguration;
			buildSettings = {
				ASSETCATALOG_COMPILER_APPICON_NAME = AppIcon;
				CLANG_ENABLE_OBJC_ARC = NO;
				CLANG_ENABLE_OBJC_WEAK = YES;
				CODE_SIGN_IDENTITY = "iPhone Developer";
				"CODE_SIGN_IDENTITY[sdk=iphoneos*]" = "iPhone Developer";
				CODE_SIGN_STYLE = Manual;
				CURRENT_PROJECT_VERSION = 1.0.0;
				DEBUG_INFORMATION_FORMAT = "dwarf-with-dsym";
				DEVELOPMENT_TEAM = "";
				"DEVELOPMENT_TEAM[sdk=iphoneos*]" = GT942W9QAZ;
				ENABLE_BITCODE = NO;
				FRAMEWORK_SEARCH_PATHS = "$(PROJECT_DIR)";
				GCC_VERSION = "";
				INFOPLIST_FILE = Demo/Info.plist;
				IPHONEOS_DEPLOYMENT_TARGET = 11.0;
				LD_RUNPATH_SEARCH_PATHS = "$(inherited) @executable_path/Frameworks";
				LIBRARY_SEARCH_PATHS = "";
				MARKETING_VERSION = 1;
				ONLY_ACTIVE_ARCH = NO;
				OTHER_CFLAGS = "";
				OTHER_LDFLAGS = "-ObjC";
				PRODUCT_BUNDLE_IDENTIFIER = com.wuxia.jian;
				PRODUCT_NAME = QsSdkDemo;
				PROVISIONING_PROFILE = "86f6217b-8b7a-40a9-ae48-68f7d651e31f";
				PROVISIONING_PROFILE_SPECIFIER = "";
				"PROVISIONING_PROFILE_SPECIFIER[sdk=iphoneos*]" = aa_dev;
				TARGETED_DEVICE_FAMILY = "1,2";
				VALIDATE_WORKSPACE = YES;
			};
			name = Debug;
		};
		42FFDB751F5FE4DE0032392E /* Release */ = {
			isa = XCBuildConfiguration;
			buildSettings = {
				ASSETCATALOG_COMPILER_APPICON_NAME = AppIcon;
				CLANG_ENABLE_OBJC_ARC = NO;
				CLANG_ENABLE_OBJC_WEAK = YES;
				CODE_SIGN_IDENTITY = "iPhone Developer";
				"CODE_SIGN_IDENTITY[sdk=iphoneos*]" = "iPhone Developer";
				CODE_SIGN_STYLE = Manual;
				CURRENT_PROJECT_VERSION = 1.0.0;
				DEBUG_INFORMATION_FORMAT = "dwarf-with-dsym";
				DEVELOPMENT_TEAM = "";
				"DEVELOPMENT_TEAM[sdk=iphoneos*]" = GT942W9QAZ;
				ENABLE_BITCODE = NO;
				FRAMEWORK_SEARCH_PATHS = "$(PROJECT_DIR)";
				GCC_VERSION = "";
				INFOPLIST_FILE = Demo/Info.plist;
				IPHONEOS_DEPLOYMENT_TARGET = 11.0;
				LD_RUNPATH_SEARCH_PATHS = "$(inherited) @executable_path/Frameworks";
				LIBRARY_SEARCH_PATHS = "";
				MARKETING_VERSION = 1;
				OTHER_CFLAGS = "";
				OTHER_LDFLAGS = "-ObjC";
				PRODUCT_BUNDLE_IDENTIFIER = com.wuxia.jian;
				PRODUCT_NAME = QsSdkDemo;
				PROVISIONING_PROFILE = "86f6217b-8b7a-40a9-ae48-68f7d651e31f";
				PROVISIONING_PROFILE_SPECIFIER = "";
				"PROVISIONING_PROFILE_SPECIFIER[sdk=iphoneos*]" = aa_dev;
				TARGETED_DEVICE_FAMILY = "1,2";
				VALIDATE_WORKSPACE = YES;
			};
			name = Release;
		};
/* End XCBuildConfiguration section */

/* Begin XCConfigurationList section */
		42FFDB571F5FE4DE0032392E /* Build configuration list for PBXProject "QsSdkDemo" */ = {
			isa = XCConfigurationList;
			buildConfigurations = (
				42FFDB711F5FE4DE0032392E /* Debug */,
				42FFDB721F5FE4DE0032392E /* Release */,
			);
			defaultConfigurationIsVisible = 0;
			defaultConfigurationName = Release;
		};
		42FFDB731F5FE4DE0032392E /* Build configuration list for PBXNativeTarget "QsSdkDemo" */ = {
			isa = XCConfigurationList;
			buildConfigurations = (
				42FFDB741F5FE4DE0032392E /* Debug */,
				42FFDB751F5FE4DE0032392E /* Release */,
			);
			defaultConfigurationIsVisible = 0;
			defaultConfigurationName = Release;
		};
/* End XCConfigurationList section */
	};
	rootObject = 42FFDB541F5FE4DE0032392E /* Project object */;
}
